<?xml version="1.0" encoding="utf-8"?>
<Project ToolsVersion="4.0" xmlns="http://schemas.microsoft.com/developer/msbuild/2003">
  <ItemGroup>
    <Filter Include="サウンド">
      <UniqueIdentifier>{74a67bd9-fd96-4108-97d2-1c779ee1de30}</UniqueIdentifier>
    </Filter>
    <Filter Include="テクスチャ">
      <UniqueIdentifier>{a401f9e8-20bb-4448-90a0-44d4a030a4cc}</UniqueIdentifier>
    </Filter>
    <Filter Include="テクスチャ\エフェクト">
      <UniqueIdentifier>{5367d87d-e904-4055-9a69-6aeef118660a}</UniqueIdentifier>
    </Filter>
    <Filter Include="テクスチャ\テキスト">
      <UniqueIdentifier>{0903cf1c-8fbf-48ca-b20d-c33169950697}</UniqueIdentifier>
    </Filter>
    <Filter Include="三角形クラス">
      <UniqueIdentifier>{e7d7e550-47d8-45de-82ef-b0085f24556a}</UniqueIdentifier>
    </Filter>
    <Filter Include="三角形クラス\キャラクタ">
      <UniqueIdentifier>{1be01f4a-66cb-4fe4-8ef1-126e2b76e666}</UniqueIdentifier>
    </Filter>
    <Filter Include="三角形クラス\キャラクタ\プレイヤ">
      <UniqueIdentifier>{1c68e89c-dbf0-4cd1-8370-236df35ea1f5}</UniqueIdentifier>
    </Filter>
    <Filter Include="三角形クラス\キャラクタ\プレイヤ\操作">
      <UniqueIdentifier>{58522db1-ec78-4489-abab-af3b33bf5e73}</UniqueIdentifier>
    </Filter>
    <Filter Include="三角形クラス\キャラクタ\プレイヤ\カメラ">
      <UniqueIdentifier>{d8ccc69d-a726-40b9-a9da-cf95ff1c2b5d}</UniqueIdentifier>
    </Filter>
    <Filter Include="三角形クラス\キャラクタ\敵">
      <UniqueIdentifier>{6532a8b8-a4ee-4065-83e4-e7f5713d2b51}</UniqueIdentifier>
    </Filter>
    <Filter Include="三角形クラス\マテリアル">
      <UniqueIdentifier>{55fc398e-65ef-46ce-94d2-1934d47ae987}</UniqueIdentifier>
    </Filter>
    <Filter Include="三角形クラス\マテリアル\モデル">
      <UniqueIdentifier>{b4a9c2a4-7ef3-449c-b2f4-b44e709d6410}</UniqueIdentifier>
    </Filter>
    <Filter Include="三角形クラス\コライダ">
      <UniqueIdentifier>{e123a5b8-0435-4b06-be00-cc65737e6a4e}</UniqueIdentifier>
    </Filter>
    <Filter Include="三角形クラス\変換行列">
      <UniqueIdentifier>{4983ff7c-41e9-40b2-80ff-c28914bb5df7}</UniqueIdentifier>
    </Filter>
    <Filter Include="三角形クラス\キャラクタ\ビルボード">
      <UniqueIdentifier>{4c0b585f-aaa0-407e-adce-1d0623d47a59}</UniqueIdentifier>
    </Filter>
    <Filter Include="マネージャ">
      <UniqueIdentifier>{e2573f72-0e30-4d76-a925-9ddde388d831}</UniqueIdentifier>
    </Filter>
    <Filter Include="マネージャ\シーンマネージャ">
      <UniqueIdentifier>{95468001-ea07-40cb-8bae-24b48c4fc1e2}</UniqueIdentifier>
    </Filter>
    <Filter Include="マネージャ\シーンマネージャ\シーン">
      <UniqueIdentifier>{f1894512-630d-44b2-ad18-341b6a1adabb}</UniqueIdentifier>
    </Filter>
    <Filter Include="マネージャ\タスクマネージャ">
      <UniqueIdentifier>{292942bd-2fd3-4750-b13e-82829d2a1d52}</UniqueIdentifier>
    </Filter>
    <Filter Include="マネージャ\タスクマネージャ\タスク">
      <UniqueIdentifier>{d9c78b74-80bc-4394-bdfe-7d4aff92a5a4}</UniqueIdentifier>
    </Filter>
    <Filter Include="マネージャ\コリジョンマネージャ">
      <UniqueIdentifier>{1afe5fb1-7cee-4586-90c4-8e512c44b85a}</UniqueIdentifier>
    </Filter>
    <Filter Include="マネージャ\コリジョンマネージャ\当たり判定">
      <UniqueIdentifier>{149d6240-dbc3-47b1-969a-15f02b7be20f}</UniqueIdentifier>
    </Filter>
    <Filter Include="ゲーム">
      <UniqueIdentifier>{4FC737F1-C7A5-4376-A066-2A32D752A2FF}</UniqueIdentifier>
      <Extensions>cpp;c;cc;cxx;def;odl;idl;hpj;bat;asm;asmx</Extensions>
    </Filter>
    <Filter Include="三角形クラス\キャラクタ\弾">
      <UniqueIdentifier>{838c0bc6-bed9-4c22-82c5-aca93f460704}</UniqueIdentifier>
    </Filter>
  </ItemGroup>
  <ItemGroup>
    <ClCompile Include="src\CSceneGame.cpp">
      <Filter>ゲーム</Filter>
    </ClCompile>
    <ClCompile Include="src\main.cpp">
      <Filter>ゲーム</Filter>
    </ClCompile>
    <ClCompile Include="src\Update.cpp">
      <Filter>ゲーム</Filter>
    </ClCompile>
    <ClCompile Include="src\CCollider.cpp">
      <Filter>三角形クラス\コライダ</Filter>
    </ClCompile>
    <ClCompile Include="src\CColliderLine.cpp">
      <Filter>三角形クラス\コライダ</Filter>
    </ClCompile>
    <ClCompile Include="src\CColliderTriangle.cpp">
      <Filter>三角形クラス\コライダ</Filter>
    </ClCompile>
    <ClCompile Include="src\CColliderMesh.cpp">
      <Filter>三角形クラス\コライダ</Filter>
    </ClCompile>
    <ClCompile Include="src\CCharacter.cpp">
      <Filter>三角形クラス\キャラクタ</Filter>
    </ClCompile>
    <ClCompile Include="src\CPlayer.cpp">
      <Filter>三角形クラス\キャラクタ\プレイヤ</Filter>
    </ClCompile>
    <ClCompile Include="src\CEnemy.cpp">
      <Filter>三角形クラス\キャラクタ\敵</Filter>
    </ClCompile>
    <ClCompile Include="src\CEffect.cpp">
      <Filter>テクスチャ\エフェクト</Filter>
    </ClCompile>
    <ClCompile Include="src\CMaterial.cpp">
      <Filter>三角形クラス\マテリアル</Filter>
    </ClCompile>
    <ClCompile Include="src\CMatrix.cpp">
      <Filter>三角形クラス\マテリアル</Filter>
    </ClCompile>
    <ClCompile Include="src\CKey.cpp">
      <Filter>三角形クラス\キャラクタ\プレイヤ\操作</Filter>
    </ClCompile>
    <ClCompile Include="src\CCamera.cpp">
      <Filter>三角形クラス\キャラクタ\プレイヤ\カメラ</Filter>
    </ClCompile>
    <ClCompile Include="src\CBullet.cpp">
      <Filter>三角形クラス\キャラクタ\弾</Filter>
    </ClCompile>
    <ClCompile Include="src\CModel.cpp">
      <Filter>三角形クラス\マテリアル\モデル</Filter>
    </ClCompile>
    <ClCompile Include="src\CCollisionManager.cpp">
      <Filter>マネージャ\コリジョンマネージャ</Filter>
    </ClCompile>
    <ClCompile Include="src\CVector.cpp">
      <Filter>マネージャ\コリジョンマネージャ\当たり判定</Filter>
    </ClCompile>
    <ClCompile Include="src\CSound.cpp">
      <Filter>サウンド</Filter>
    </ClCompile>
    <ClCompile Include="src\CTexture.cpp">
      <Filter>テクスチャ</Filter>
    </ClCompile>
    <ClCompile Include="src\CText.cpp">
      <Filter>テクスチャ\テキスト</Filter>
    </ClCompile>
    <ClCompile Include="src\CTaskManager.cpp">
      <Filter>マネージャ\タスクマネージャ</Filter>
    </ClCompile>
    <ClCompile Include="src\CTransform.cpp">
      <Filter>三角形クラス\変換行列</Filter>
    </ClCompile>
    <ClCompile Include="src\CSceneManager.cpp">
      <Filter>マネージャ\シーンマネージャ</Filter>
    </ClCompile>
    <ClCompile Include="src\CTriangle.cpp">
      <Filter>三角形クラス</Filter>
    </ClCompile>
    <ClCompile Include="src\CBillBoard.cpp">
      <Filter>三角形クラス\キャラクタ\ビルボード</Filter>
    </ClCompile>
    <ClCompile Include="src\CUtil.cpp">
      <Filter>ゲーム</Filter>
    </ClCompile>
    <ClCompile Include="src\CEnemy2.cpp">
      <Filter>三角形クラス\キャラクタ\敵</Filter>
    </ClCompile>
    <ClCompile Include="src\CMissile.cpp">
      <Filter>三角形クラス\キャラクタ\弾</Filter>
    </ClCompile>
    <ClCompile Include="src\CSceneTitle.cpp">
      <Filter>マネージャ\シーンマネージャ</Filter>
    </ClCompile>
  </ItemGroup>
  <ItemGroup>
    <ClInclude Include="src\CColliderLine.h">
      <Filter>三角形クラス\コライダ</Filter>
    </ClInclude>
    <ClInclude Include="src\CColliderMesh.h">
      <Filter>三角形クラス\コライダ</Filter>
    </ClInclude>
    <ClInclude Include="src\CCollider.h">
      <Filter>三角形クラス\コライダ</Filter>
    </ClInclude>
    <ClInclude Include="src\CColliderTriangle.h">
      <Filter>三角形クラス\コライダ</Filter>
    </ClInclude>
    <ClInclude Include="src\CCharacter.h">
      <Filter>三角形クラス\キャラクタ</Filter>
    </ClInclude>
    <ClInclude Include="src\CPlayer.h">
      <Filter>三角形クラス\キャラクタ\プレイヤ</Filter>
    </ClInclude>
    <ClInclude Include="src\CEnemy.h">
      <Filter>三角形クラス\キャラクタ\敵</Filter>
    </ClInclude>
    <ClInclude Include="src\CEffect.h">
      <Filter>テクスチャ\エフェクト</Filter>
    </ClInclude>
    <ClInclude Include="src\CMaterial.h">
      <Filter>三角形クラス\マテリアル</Filter>
    </ClInclude>
    <ClInclude Include="src\CMatrix.h">
      <Filter>三角形クラス\マテリアル</Filter>
    </ClInclude>
    <ClInclude Include="src\CKey.h">
      <Filter>三角形クラス\キャラクタ\プレイヤ\操作</Filter>
    </ClInclude>
    <ClInclude Include="src\CCamera.h">
      <Filter>三角形クラス\キャラクタ\プレイヤ\カメラ</Filter>
    </ClInclude>
    <ClInclude Include="src\CBullet.h">
      <Filter>三角形クラス\キャラクタ\弾</Filter>
    </ClInclude>
    <ClInclude Include="src\CModel.h">
      <Filter>三角形クラス\マテリアル\モデル</Filter>
    </ClInclude>
    <ClInclude Include="src\CCollisionManager.h">
      <Filter>マネージャ\コリジョンマネージャ</Filter>
    </ClInclude>
    <ClInclude Include="src\CVector.h">
      <Filter>マネージャ\コリジョンマネージャ\当たり判定</Filter>
    </ClInclude>
    <ClInclude Include="src\CSound.h">
      <Filter>サウンド</Filter>
    </ClInclude>
    <ClInclude Include="src\CTexture.h">
      <Filter>テクスチャ</Filter>
    </ClInclude>
    <ClInclude Include="src\CText.h">
      <Filter>テクスチャ\テキスト</Filter>
    </ClInclude>
    <ClInclude Include="src\CTaskManager.h">
      <Filter>マネージャ\タスクマネージャ</Filter>
    </ClInclude>
    <ClInclude Include="src\CTask.h">
      <Filter>マネージャ\タスクマネージャ\タスク</Filter>
    </ClInclude>
    <ClInclude Include="src\CTransform.h">
      <Filter>三角形クラス\変換行列</Filter>
    </ClInclude>
    <ClInclude Include="src\CSceneManager.h">
      <Filter>マネージャ\シーンマネージャ</Filter>
    </ClInclude>
    <ClInclude Include="src\CTriangle.h">
      <Filter>三角形クラス</Filter>
    </ClInclude>
    <ClInclude Include="src\CBillBoard.h">
      <Filter>三角形クラス\キャラクタ\ビルボード</Filter>
    </ClInclude>
    <ClInclude Include="src\CScene.h">
      <Filter>マネージャ\シーンマネージャ\シーン</Filter>
    </ClInclude>
    <ClInclude Include="src\CSceneGame.h">
      <Filter>ゲーム</Filter>
    </ClInclude>
    <ClInclude Include="src\Update.h">
      <Filter>ゲーム</Filter>
    </ClInclude>
    <ClInclude Include="src\CUtil.h">
      <Filter>ゲーム</Filter>
    </ClInclude>
    <ClInclude Include="src\CEnemy2.h">
      <Filter>三角形クラス\キャラクタ\敵</Filter>
    </ClInclude>
    <ClInclude Include="src\CMissile.h">
      <Filter>三角形クラス\キャラクタ\弾</Filter>
    </ClInclude>
    <ClInclude Include="src\CSceneTitle.h">
      <Filter>マネージャ\シーンマネージャ</Filter>
    </ClInclude>
  </ItemGroup>
</Project>