<?xml version="1.0" encoding="utf-8"?>
<Project ToolsVersion="4.0" xmlns="http://schemas.microsoft.com/developer/msbuild/2003">
  <ItemGroup>
    <Filter Include="Lib">
      <UniqueIdentifier>{71337753-7d4e-4fb3-a565-77caf26ac0fb}</UniqueIdentifier>
    </Filter>
    <Filter Include="MainScene">
      <UniqueIdentifier>{daaa2299-61e6-4899-88cc-633978e436af}</UniqueIdentifier>
    </Filter>
    <Filter Include="MainScene\Player">
      <UniqueIdentifier>{3920030b-a167-40b0-82d5-e525fec99dda}</UniqueIdentifier>
    </Filter>
    <Filter Include="MainScene\Player\Camera">
      <UniqueIdentifier>{9ea070ab-b85d-43b4-a135-c08b4595c0b8}</UniqueIdentifier>
    </Filter>
    <Filter Include="MainScene\Player\Key">
      <UniqueIdentifier>{d5482c7b-f309-400d-ab72-75c7e2e74f4e}</UniqueIdentifier>
    </Filter>
    <Filter Include="MainScene\Player\Input">
      <UniqueIdentifier>{85db849c-0d3a-41d9-9efd-8ad000615ea2}</UniqueIdentifier>
    </Filter>
    <Filter Include="MainScene\Enemy">
      <UniqueIdentifier>{b97735c3-4c1b-41d1-9e51-ba45f7dd7545}</UniqueIdentifier>
    </Filter>
    <Filter Include="MainScene\Enemy\cpp">
      <UniqueIdentifier>{93cd2fcd-a003-488c-a4cf-eefa37af63cd}</UniqueIdentifier>
    </Filter>
    <Filter Include="MainScene\Enemy\h">
      <UniqueIdentifier>{1063cf03-5050-4c24-8375-63439a3355b5}</UniqueIdentifier>
    </Filter>
    <Filter Include="MainScene\Enemy\Data">
      <UniqueIdentifier>{64bddef3-0f67-42a7-920f-4bb74fe80eac}</UniqueIdentifier>
    </Filter>
    <Filter Include="MainScene\Map">
      <UniqueIdentifier>{277556e6-0750-4193-962f-355a5b7c5654}</UniqueIdentifier>
    </Filter>
    <Filter Include="MainScene\Map\Map">
      <UniqueIdentifier>{75d5c43b-96ba-4a62-ad8c-3ea2684a7ee5}</UniqueIdentifier>
    </Filter>
    <Filter Include="MainScene\Map\ShadowMap">
      <UniqueIdentifier>{0571287d-a402-46bd-8b95-96e44d4fe256}</UniqueIdentifier>
    </Filter>
    <Filter Include="MainScene\Scene">
      <UniqueIdentifier>{4873b35a-1efb-4fc5-8737-3baf14629ecd}</UniqueIdentifier>
    </Filter>
    <Filter Include="MainScene\Scene\SceneManager">
      <UniqueIdentifier>{c23a7c07-dcf5-4364-8837-3d71686121d2}</UniqueIdentifier>
    </Filter>
    <Filter Include="MainScene\Scene\SceneTitle">
      <UniqueIdentifier>{275918ec-5d8f-44c0-bfe9-551b047bdc65}</UniqueIdentifier>
    </Filter>
    <Filter Include="MainScene\Scene\SceneTitle\data">
      <UniqueIdentifier>{ab278151-7062-4dc5-b9ba-855d76c8141d}</UniqueIdentifier>
    </Filter>
    <Filter Include="MainScene\Scene\Update">
      <UniqueIdentifier>{82d639b9-229d-40a2-adb0-d800af3a21d7}</UniqueIdentifier>
    </Filter>
    <Filter Include="MainScene\Task">
      <UniqueIdentifier>{b5e6fc5e-c376-45a6-a3bb-2e8efb86e3df}</UniqueIdentifier>
    </Filter>
    <Filter Include="MainScene\Task\Task_h">
      <UniqueIdentifier>{11b5d02b-1541-4336-a86f-a6f9786a14cf}</UniqueIdentifier>
    </Filter>
    <Filter Include="MainScene\Task\TaskManager">
      <UniqueIdentifier>{1a35a898-509e-481e-9de2-394168d0c64f}</UniqueIdentifier>
    </Filter>
    <Filter Include="MainScene\Task\TaskManager\cpp">
      <UniqueIdentifier>{a320defa-e2c6-423c-b676-66c4a8cd2581}</UniqueIdentifier>
    </Filter>
    <Filter Include="MainScene\Task\TaskManager\h">
      <UniqueIdentifier>{2bc0a0e9-cb9d-45b9-92d7-2456ec4d6ec9}</UniqueIdentifier>
    </Filter>
    <Filter Include="Lib\Texture">
      <UniqueIdentifier>{5f680657-fef2-485a-9c50-d5fbd31fb3dd}</UniqueIdentifier>
    </Filter>
    <Filter Include="Lib\Texture\Text">
      <UniqueIdentifier>{fa5ef88b-c58f-4837-9b2a-db0af4b8c2a4}</UniqueIdentifier>
    </Filter>
    <Filter Include="Lib\Texture\BillBoard">
      <UniqueIdentifier>{2c035bf0-9675-4486-9a59-d8431c40a21c}</UniqueIdentifier>
    </Filter>
    <Filter Include="Lib\Texture\Effect">
      <UniqueIdentifier>{2e7f88ed-80d2-4db4-b39e-43fa851dcb78}</UniqueIdentifier>
    </Filter>
    <Filter Include="Lib\Table">
      <UniqueIdentifier>{847ac665-d9d4-48bd-b15a-23870e90ebe8}</UniqueIdentifier>
    </Filter>
    <Filter Include="Lib\Sound">
      <UniqueIdentifier>{97128df4-f2bf-4000-a593-849684e118ba}</UniqueIdentifier>
    </Filter>
    <Filter Include="Lib\Res">
      <UniqueIdentifier>{e0243ee1-1324-416b-8c1a-16533e8c426b}</UniqueIdentifier>
    </Filter>
    <Filter Include="Lib\CXCharacter">
      <UniqueIdentifier>{6171de39-868b-41fa-80b0-55047fc84b81}</UniqueIdentifier>
    </Filter>
    <Filter Include="Lib\CXCharacter\CXCharacter">
      <UniqueIdentifier>{907404ed-8622-4846-b38b-d2179b74ea85}</UniqueIdentifier>
    </Filter>
    <Filter Include="Lib\CXCharacter\CModelX">
      <UniqueIdentifier>{eadb5afe-aea5-4ba3-921d-1a5ef7bb2b62}</UniqueIdentifier>
    </Filter>
    <Filter Include="Lib\CXCharacter\CModelX\CModelX">
      <UniqueIdentifier>{c1cdd5c8-4a83-4fcb-a133-b08dbe8d046f}</UniqueIdentifier>
    </Filter>
    <Filter Include="Lib\CXCharacter\CModelX\Shader">
      <UniqueIdentifier>{68db393f-1db6-48f5-b813-6ae035e87850}</UniqueIdentifier>
    </Filter>
    <Filter Include="Lib\CXCharacter\CModelX\Shader\MyShader">
      <UniqueIdentifier>{fc313c71-d2e8-4b9b-a21b-349a98d8f26a}</UniqueIdentifier>
    </Filter>
    <Filter Include="Lib\CXCharacter\CModelX\Shader\Shader">
      <UniqueIdentifier>{511a1290-ef94-42fc-a0d4-f88835de73d7}</UniqueIdentifier>
    </Filter>
    <Filter Include="Lib\CXCharacter\CModelX\Util">
      <UniqueIdentifier>{2898c367-637a-4d99-95d9-7de175929c17}</UniqueIdentifier>
    </Filter>
    <Filter Include="Lib\Collider">
      <UniqueIdentifier>{02404635-6359-4ddd-997c-9bbfd5a1e323}</UniqueIdentifier>
    </Filter>
    <Filter Include="Lib\Collider\ColliderCapsule">
      <UniqueIdentifier>{f54c2824-c10c-46ff-9720-e486ce3f71e6}</UniqueIdentifier>
    </Filter>
    <Filter Include="Lib\Collider\ColliderMesh">
      <UniqueIdentifier>{58252b32-0d64-4a80-b282-8d99cbd6bd7f}</UniqueIdentifier>
    </Filter>
    <Filter Include="Lib\Collider\ColliderLine">
      <UniqueIdentifier>{74a0f863-25c2-407a-a52f-7547e78073b3}</UniqueIdentifier>
    </Filter>
    <Filter Include="Lib\Collider\ColliderTriangle">
      <UniqueIdentifier>{b33c98b9-0b13-44f9-9465-82b40872b0c2}</UniqueIdentifier>
    </Filter>
    <Filter Include="Lib\Collider\Collider">
      <UniqueIdentifier>{9d78ad0e-78f4-44c3-b754-0120076f8215}</UniqueIdentifier>
    </Filter>
    <Filter Include="Lib\Collider\CollisionManager">
      <UniqueIdentifier>{d0667c06-015d-4ea5-bdb0-463ce475e397}</UniqueIdentifier>
    </Filter>
    <Filter Include="Lib\Character">
      <UniqueIdentifier>{1861f161-78d0-4121-8a18-5519a673e69e}</UniqueIdentifier>
    </Filter>
    <Filter Include="Lib\Character\Character">
      <UniqueIdentifier>{1d42e1b2-86b3-49de-a537-61f4f8c0d7cf}</UniqueIdentifier>
    </Filter>
    <Filter Include="Lib\Character\Model">
      <UniqueIdentifier>{8e3aa5a0-0bc9-484c-b02c-a85c95227e03}</UniqueIdentifier>
    </Filter>
    <Filter Include="Lib\Character\Model\Model">
      <UniqueIdentifier>{f4ed5acd-309e-4f57-ac52-9bf458492bdd}</UniqueIdentifier>
    </Filter>
    <Filter Include="Lib\Character\Model\Triangle">
      <UniqueIdentifier>{3885fb01-3506-44a3-8e82-f02eb256404c}</UniqueIdentifier>
    </Filter>
    <Filter Include="Lib\Character\Model\Transform">
      <UniqueIdentifier>{1633e712-684a-4cd8-92c3-dbe78846d847}</UniqueIdentifier>
    </Filter>
    <Filter Include="Lib\Character\Model\Material">
      <UniqueIdentifier>{807b274a-369b-4d97-bffa-cbad74bc213a}</UniqueIdentifier>
    </Filter>
    <Filter Include="Lib\Character\Model\Matrix">
      <UniqueIdentifier>{0fe28781-600a-4149-b3bb-be3fba550512}</UniqueIdentifier>
    </Filter>
    <Filter Include="Lib\Character\Model\CVector">
      <UniqueIdentifier>{45347340-86be-44c0-bef4-16c234654120}</UniqueIdentifier>
    </Filter>
    <Filter Include="MainScene\Scene\main">
      <UniqueIdentifier>{17410b3d-8a5b-4ebc-83a7-ae2fecc9ab55}</UniqueIdentifier>
    </Filter>
    <Filter Include="MainScene\Scene\Scene">
      <UniqueIdentifier>{48fc13ef-7e4a-44c0-8645-cce00f62c8d5}</UniqueIdentifier>
    </Filter>
    <Filter Include="MainScene\Player\Player">
      <UniqueIdentifier>{4b523e25-5380-4b48-8513-46d472f8f211}</UniqueIdentifier>
    </Filter>
    <Filter Include="MainScene\Player\Player\Data">
      <UniqueIdentifier>{1a66c3c5-aaba-42f9-a1f8-69837520c2fd}</UniqueIdentifier>
    </Filter>
    <Filter Include="MainScene\Enemy\Manager">
      <UniqueIdentifier>{5c5084ac-13f2-46ba-b65b-3b646ef1b8c7}</UniqueIdentifier>
    </Filter>
    <Filter Include="Lib\Texture\Texture">
      <UniqueIdentifier>{0cea0e89-de1c-4b1f-bc50-5fb75339c8f8}</UniqueIdentifier>
    </Filter>
    <Filter Include="MainScene\Scene\CSceneTutorial">
      <UniqueIdentifier>{99dc59b3-13c0-42cf-bc6e-3575a9c459f9}</UniqueIdentifier>
    </Filter>
    <Filter Include="MainScene\Scene\CSceneGame">
      <UniqueIdentifier>{9875cf6f-3004-4e20-8620-a1c24e639566}</UniqueIdentifier>
    </Filter>
    <Filter Include="MainScene\Scene\CSceneSelect">
      <UniqueIdentifier>{241473d0-3e49-4141-ab78-53085c6c0fe4}</UniqueIdentifier>
    </Filter>
    <Filter Include="MainScene\Scene\CSceneSelect\cpp">
      <UniqueIdentifier>{c4aaa9ef-0014-40e1-b89d-a19c07cc73ba}</UniqueIdentifier>
    </Filter>
    <Filter Include="MainScene\Scene\CSceneSelect\h">
      <UniqueIdentifier>{baad9c15-bcb4-42fc-8ecc-8acd622cd26c}</UniqueIdentifier>
    </Filter>
    <Filter Include="MainScene\Scene\CSceneTutorial\Data">
      <UniqueIdentifier>{dbc8f4b9-4995-4165-b2a2-e184a11fb8b6}</UniqueIdentifier>
    </Filter>
    <Filter Include="MainScene\Scene\CSceneSelect\data">
      <UniqueIdentifier>{46668508-de7d-4782-83c6-2eb0c06ecb8b}</UniqueIdentifier>
    </Filter>
    <Filter Include="MainScene\Player\Player\Manager">
      <UniqueIdentifier>{bab81afd-47e5-489d-b806-1ee56db2e6b3}</UniqueIdentifier>
    </Filter>
  </ItemGroup>
  <ItemGroup>
    <ClCompile Include="src\CXEnemy.cpp">
      <Filter>MainScene\Enemy\cpp</Filter>
    </ClCompile>
    <ClCompile Include="src\CTaskManager.cpp">
      <Filter>MainScene\Task\TaskManager\cpp</Filter>
    </ClCompile>
    <ClCompile Include="src\main.cpp">
      <Filter>MainScene\Scene\main</Filter>
    </ClCompile>
    <ClCompile Include="src\CXEnemyManager.cpp">
      <Filter>MainScene\Enemy\Manager</Filter>
    </ClCompile>
    <ClCompile Include="src\CSceneSelect.cpp">
      <Filter>MainScene\Scene\CSceneSelect\cpp</Filter>
    </ClCompile>
    <ClCompile Include="src\CXPlayerManager.cpp">
      <Filter>MainScene\Player\Player\Manager</Filter>
    </ClCompile>
    <ClCompile Include="src\CTutorial.cpp">
      <Filter>MainScene\Scene\CSceneTutorial\Data</Filter>
    </ClCompile>
    <ClCompile Include="src\CSceneTutorial.cpp">
      <Filter>MainScene\Scene\CSceneTutorial</Filter>
    </ClCompile>
    <ClCompile Include="src\CSceneManager.cpp">
      <Filter>MainScene\Scene\SceneManager</Filter>
    </ClCompile>
    <ClCompile Include="src\CSceneTitle.cpp">
      <Filter>MainScene\Scene\SceneTitle</Filter>
    </ClCompile>
    <ClCompile Include="src\Update.cpp">
      <Filter>MainScene\Scene\Update</Filter>
    </ClCompile>
    <ClCompile Include="src\CSceneGame.cpp">
      <Filter>MainScene\Scene\CSceneGame</Filter>
    </ClCompile>
    <ClCompile Include="src\CXPlayer.cpp">
      <Filter>MainScene\Player\Player</Filter>
    </ClCompile>
    <ClCompile Include="src\CKey.cpp">
      <Filter>MainScene\Player\Key</Filter>
    </ClCompile>
    <ClCompile Include="src\CInput.cpp">
      <Filter>MainScene\Player\Input</Filter>
    </ClCompile>
    <ClCompile Include="src\CCamera.cpp">
      <Filter>MainScene\Player\Camera</Filter>
    </ClCompile>
    <ClCompile Include="src\CShadowMap.cpp">
      <Filter>MainScene\Map\ShadowMap</Filter>
    </ClCompile>
    <ClCompile Include="src\CMap.cpp">
      <Filter>MainScene\Map\Map</Filter>
    </ClCompile>
    <ClCompile Include="src\CBillBoard.cpp">
      <Filter>Lib\Texture\BillBoard</Filter>
    </ClCompile>
    <ClCompile Include="src\CEffect.cpp">
      <Filter>Lib\Texture\Effect</Filter>
    </ClCompile>
    <ClCompile Include="src\CText.cpp">
      <Filter>Lib\Texture\Text</Filter>
    </ClCompile>
    <ClCompile Include="src\CTexture.cpp">
      <Filter>Lib\Texture\Texture</Filter>
    </ClCompile>
    <ClCompile Include="src\CTable.cpp">
      <Filter>Lib\Table</Filter>
    </ClCompile>
    <ClCompile Include="src\CSound.cpp">
      <Filter>Lib\Sound</Filter>
    </ClCompile>
    <ClCompile Include="src\CRes.cpp">
      <Filter>Lib\Res</Filter>
    </ClCompile>
    <ClCompile Include="src\CXCharacter.cpp">
      <Filter>Lib\CXCharacter\CXCharacter</Filter>
    </ClCompile>
    <ClCompile Include="src\CUtil.cpp">
      <Filter>Lib\CXCharacter\CModelX\Util</Filter>
    </ClCompile>
    <ClCompile Include="src\CMyShader.cpp">
      <Filter>Lib\CXCharacter\CModelX\Shader\MyShader</Filter>
    </ClCompile>
    <ClCompile Include="src\CShader.cpp">
      <Filter>Lib\CXCharacter\CModelX\Shader\Shader</Filter>
    </ClCompile>
    <ClCompile Include="src\CModelX.cpp">
      <Filter>Lib\CXCharacter\CModelX\CModelX</Filter>
    </ClCompile>
    <ClCompile Include="src\CCollider.cpp">
      <Filter>Lib\Collider\Collider</Filter>
    </ClCompile>
    <ClCompile Include="src\CColliderCapsule.cpp">
      <Filter>Lib\Collider\ColliderCapsule</Filter>
    </ClCompile>
    <ClCompile Include="src\CColliderLine.cpp">
      <Filter>Lib\Collider\ColliderLine</Filter>
    </ClCompile>
    <ClCompile Include="src\CColliderMesh.cpp">
      <Filter>Lib\Collider\ColliderMesh</Filter>
    </ClCompile>
    <ClCompile Include="src\CColliderTriangle.cpp">
      <Filter>Lib\Collider\ColliderTriangle</Filter>
    </ClCompile>
    <ClCompile Include="src\CCollisionManager.cpp">
      <Filter>Lib\Collider\CollisionManager</Filter>
    </ClCompile>
    <ClCompile Include="src\CCharacter.cpp">
      <Filter>Lib\Character\Character</Filter>
    </ClCompile>
    <ClCompile Include="src\CVector.cpp">
      <Filter>Lib\Character\Model\CVector</Filter>
    </ClCompile>
    <ClCompile Include="src\CMaterial.cpp">
      <Filter>Lib\Character\Model\Material</Filter>
    </ClCompile>
    <ClCompile Include="src\CMatrix.cpp">
      <Filter>Lib\Character\Model\Matrix</Filter>
    </ClCompile>
    <ClCompile Include="src\CModel.cpp">
      <Filter>Lib\Character\Model\Model</Filter>
    </ClCompile>
    <ClCompile Include="src\CTransform.cpp">
      <Filter>Lib\Character\Model\Transform</Filter>
    </ClCompile>
    <ClCompile Include="src\CTriangle.cpp">
      <Filter>Lib\Character\Model\Triangle</Filter>
    </ClCompile>
  </ItemGroup>
  <ItemGroup>
    <ClInclude Include="src\CPlayerData.h">
      <Filter>MainScene\Player\Player\Data</Filter>
    </ClInclude>
    <ClInclude Include="src\CXEnemy.h">
      <Filter>MainScene\Enemy\h</Filter>
    </ClInclude>
    <ClInclude Include="src\CEnemyData.h">
      <Filter>MainScene\Enemy\Data</Filter>
    </ClInclude>
    <ClInclude Include="src\CTask.h">
      <Filter>MainScene\Task\Task_h</Filter>
    </ClInclude>
    <ClInclude Include="src\CScene.h">
      <Filter>MainScene\Scene\Scene</Filter>
    </ClInclude>
    <ClInclude Include="src\CTaskManager.h">
      <Filter>MainScene\Task\TaskManager\h</Filter>
    </ClInclude>
    <ClInclude Include="src\TitleData.h">
      <Filter>MainScene\Scene\SceneTitle\data</Filter>
    </ClInclude>
    <ClInclude Include="src\CXEnemyManager.h">
      <Filter>MainScene\Enemy\Manager</Filter>
    </ClInclude>
    <ClInclude Include="src\CSceneSelect.h">
      <Filter>MainScene\Scene\CSceneSelect\h</Filter>
    </ClInclude>
    <ClInclude Include="src\CSceneSelect_Data.h">
      <Filter>MainScene\Scene\CSceneSelect\data</Filter>
    </ClInclude>
    <ClInclude Include="src\CXPlayerManager.h">
      <Filter>MainScene\Player\Player\Manager</Filter>
    </ClInclude>
    <ClInclude Include="src\CTutorial.h">
      <Filter>MainScene\Scene\CSceneTutorial\Data</Filter>
    </ClInclude>
    <ClInclude Include="src\CSceneTutorial.h">
      <Filter>MainScene\Scene\CSceneTutorial</Filter>
    </ClInclude>
    <ClInclude Include="src\CSceneManager.h">
      <Filter>MainScene\Scene\SceneManager</Filter>
    </ClInclude>
    <ClInclude Include="src\CSceneTitle.h">
      <Filter>MainScene\Scene\SceneTitle</Filter>
    </ClInclude>
    <ClInclude Include="src\Update.h">
      <Filter>MainScene\Scene\Update</Filter>
    </ClInclude>
    <ClInclude Include="src\CSceneGame.h">
      <Filter>MainScene\Scene\CSceneGame</Filter>
    </ClInclude>
    <ClInclude Include="src\CXPlayer.h">
      <Filter>MainScene\Player\Player</Filter>
    </ClInclude>
    <ClInclude Include="src\CKey.h">
      <Filter>MainScene\Player\Key</Filter>
    </ClInclude>
    <ClInclude Include="src\CInput.h">
      <Filter>MainScene\Player\Input</Filter>
    </ClInclude>
    <ClInclude Include="src\CCamera.h">
      <Filter>MainScene\Player\Camera</Filter>
    </ClInclude>
    <ClInclude Include="src\CShadowMap.h">
      <Filter>MainScene\Map\ShadowMap</Filter>
    </ClInclude>
    <ClInclude Include="src\CMap.h">
      <Filter>MainScene\Map\Map</Filter>
    </ClInclude>
    <ClInclude Include="src\CBillBoard.h">
      <Filter>Lib\Texture\BillBoard</Filter>
    </ClInclude>
    <ClInclude Include="src\CEffect.h">
      <Filter>Lib\Texture\Effect</Filter>
    </ClInclude>
    <ClInclude Include="src\CText.h">
      <Filter>Lib\Texture\Text</Filter>
    </ClInclude>
    <ClInclude Include="src\CTexture.h">
      <Filter>Lib\Texture\Texture</Filter>
    </ClInclude>
    <ClInclude Include="src\CTable.h">
      <Filter>Lib\Table</Filter>
    </ClInclude>
    <ClInclude Include="src\CSound.h">
      <Filter>Lib\Sound</Filter>
    </ClInclude>
    <ClInclude Include="src\CRes.h">
      <Filter>Lib\Res</Filter>
    </ClInclude>
    <ClInclude Include="src\CXCharacter.h">
      <Filter>Lib\CXCharacter\CXCharacter</Filter>
    </ClInclude>
    <ClInclude Include="src\CUtil.h">
      <Filter>Lib\CXCharacter\CModelX\Util</Filter>
    </ClInclude>
    <ClInclude Include="src\CMyShader.h">
      <Filter>Lib\CXCharacter\CModelX\Shader\MyShader</Filter>
    </ClInclude>
    <ClInclude Include="src\CShader.h">
      <Filter>Lib\CXCharacter\CModelX\Shader\Shader</Filter>
    </ClInclude>
    <ClInclude Include="src\CModelX.h">
      <Filter>Lib\CXCharacter\CModelX\CModelX</Filter>
    </ClInclude>
    <ClInclude Include="src\CCollider.h">
      <Filter>Lib\Collider\Collider</Filter>
    </ClInclude>
    <ClInclude Include="src\CColliderCapsule.h">
      <Filter>Lib\Collider\ColliderCapsule</Filter>
    </ClInclude>
    <ClInclude Include="src\CColliderLine.h">
      <Filter>Lib\Collider\ColliderLine</Filter>
    </ClInclude>
    <ClInclude Include="src\CColliderMesh.h">
      <Filter>Lib\Collider\ColliderMesh</Filter>
    </ClInclude>
    <ClInclude Include="src\CColliderTriangle.h">
      <Filter>Lib\Collider\ColliderTriangle</Filter>
    </ClInclude>
    <ClInclude Include="src\CCollisionManager.h">
      <Filter>Lib\Collider\CollisionManager</Filter>
    </ClInclude>
    <ClInclude Include="src\CCharacter.h">
      <Filter>Lib\Character\Character</Filter>
    </ClInclude>
    <ClInclude Include="src\CVector.h">
      <Filter>Lib\Character\Model\CVector</Filter>
    </ClInclude>
    <ClInclude Include="src\CMaterial.h">
      <Filter>Lib\Character\Model\Material</Filter>
    </ClInclude>
    <ClInclude Include="src\CMatrix.h">
      <Filter>Lib\Character\Model\Matrix</Filter>
    </ClInclude>
    <ClInclude Include="src\CModel.h">
      <Filter>Lib\Character\Model\Model</Filter>
    </ClInclude>
    <ClInclude Include="src\CTransform.h">
      <Filter>Lib\Character\Model\Transform</Filter>
    </ClInclude>
    <ClInclude Include="src\CTriangle.h">
      <Filter>Lib\Character\Model\Triangle</Filter>
    </ClInclude>
  </ItemGroup>
</Project>